// !$*UTF8*$!
{
	archiveVersion = 1;
	classes = {
	};
	objectVersion = 46;
	objects = {

/* Begin PBXBuildFile section */
		2737B8B31E49F7E700B4B817 /* TextFieldView.xib in Resources */ = {isa = PBXBuildFile; fileRef = 2737B8B21E49F7E700B4B817 /* TextFieldView.xib */; };
		2737B8B81E4A20D900B4B817 /* TextField.swift in Sources */ = {isa = PBXBuildFile; fileRef = 2737B8B71E4A20D900B4B817 /* TextField.swift */; };
		2737B8BA1E4A7D0100B4B817 /* CheckboxView.xib in Resources */ = {isa = PBXBuildFile; fileRef = 2737B8B91E4A7D0100B4B817 /* CheckboxView.xib */; };
		2737B8BC1E4A7DC700B4B817 /* CheckboxView.swift in Sources */ = {isa = PBXBuildFile; fileRef = 2737B8BB1E4A7DC700B4B817 /* CheckboxView.swift */; };
		277DDDEA1E4BAC3800D61364 /* Form.swift in Sources */ = {isa = PBXBuildFile; fileRef = 277DDDE91E4BAC3800D61364 /* Form.swift */; };
		2787A7801E490FC600D20006 /* AppDelegate.swift in Sources */ = {isa = PBXBuildFile; fileRef = 2787A77F1E490FC600D20006 /* AppDelegate.swift */; };
		2787A7821E490FC600D20006 /* MainViewController.swift in Sources */ = {isa = PBXBuildFile; fileRef = 2787A7811E490FC600D20006 /* MainViewController.swift */; };
		2787A7851E490FC600D20006 /* Main.storyboard in Resources */ = {isa = PBXBuildFile; fileRef = 2787A7831E490FC600D20006 /* Main.storyboard */; };
		2787A7871E490FC600D20006 /* Assets.xcassets in Resources */ = {isa = PBXBuildFile; fileRef = 2787A7861E490FC600D20006 /* Assets.xcassets */; };
		2787A78A1E490FC600D20006 /* LaunchScreen.storyboard in Resources */ = {isa = PBXBuildFile; fileRef = 2787A7881E490FC600D20006 /* LaunchScreen.storyboard */; };
		2787A7921E49C94900D20006 /* TextFieldView.swift in Sources */ = {isa = PBXBuildFile; fileRef = 2787A7911E49C94900D20006 /* TextFieldView.swift */; };
		27A55C6A1E4B6C6400BDB9E3 /* CoreDateStackManager.swift in Sources */ = {isa = PBXBuildFile; fileRef = 27A55C691E4B6C6400BDB9E3 /* CoreDateStackManager.swift */; };
		27A55C6D1E4B6D5300BDB9E3 /* DataModel.xcdatamodeld in Sources */ = {isa = PBXBuildFile; fileRef = 27A55C6B1E4B6D5300BDB9E3 /* DataModel.xcdatamodeld */; };
		27FB3D851E4B4CBB00FC849A /* TextFieldDateView.swift in Sources */ = {isa = PBXBuildFile; fileRef = 27FB3D841E4B4CBB00FC849A /* TextFieldDateView.swift */; };
/* End PBXBuildFile section */

/* Begin PBXFileReference section */
		2737B8B21E49F7E700B4B817 /* TextFieldView.xib */ = {isa = PBXFileReference; fileEncoding = 4; lastKnownFileType = file.xib; path = TextFieldView.xib; sourceTree = "<group>"; };
		2737B8B71E4A20D900B4B817 /* TextField.swift */ = {isa = PBXFileReference; fileEncoding = 4; lastKnownFileType = sourcecode.swift; path = TextField.swift; sourceTree = "<group>"; };
		2737B8B91E4A7D0100B4B817 /* CheckboxView.xib */ = {isa = PBXFileReference; fileEncoding = 4; lastKnownFileType = file.xib; path = CheckboxView.xib; sourceTree = "<group>"; };
		2737B8BB1E4A7DC700B4B817 /* CheckboxView.swift */ = {isa = PBXFileReference; fileEncoding = 4; lastKnownFileType = sourcecode.swift; path = CheckboxView.swift; sourceTree = "<group>"; };
		277DDDE91E4BAC3800D61364 /* Form.swift */ = {isa = PBXFileReference; fileEncoding = 4; lastKnownFileType = sourcecode.swift; path = Form.swift; sourceTree = "<group>"; };
		2787A77C1E490FC600D20006 /* SimpleForm.app */ = {isa = PBXFileReference; explicitFileType = wrapper.application; includeInIndex = 0; path = SimpleForm.app; sourceTree = BUILT_PRODUCTS_DIR; };
		2787A77F1E490FC600D20006 /* AppDelegate.swift */ = {isa = PBXFileReference; lastKnownFileType = sourcecode.swift; path = AppDelegate.swift; sourceTree = "<group>"; };
		2787A7811E490FC600D20006 /* MainViewController.swift */ = {isa = PBXFileReference; lastKnownFileType = sourcecode.swift; path = MainViewController.swift; sourceTree = "<group>"; };
		2787A7841E490FC600D20006 /* Base */ = {isa = PBXFileReference; lastKnownFileType = file.storyboard; name = Base; path = Base.lproj/Main.storyboard; sourceTree = "<group>"; };
		2787A7861E490FC600D20006 /* Assets.xcassets */ = {isa = PBXFileReference; lastKnownFileType = folder.assetcatalog; path = Assets.xcassets; sourceTree = "<group>"; };
		2787A7891E490FC600D20006 /* Base */ = {isa = PBXFileReference; lastKnownFileType = file.storyboard; name = Base; path = Base.lproj/LaunchScreen.storyboard; sourceTree = "<group>"; };
		2787A78B1E490FC600D20006 /* Info.plist */ = {isa = PBXFileReference; lastKnownFileType = text.plist.xml; path = Info.plist; sourceTree = "<group>"; };
		2787A7911E49C94900D20006 /* TextFieldView.swift */ = {isa = PBXFileReference; fileEncoding = 4; lastKnownFileType = sourcecode.swift; path = TextFieldView.swift; sourceTree = "<group>"; };
		27A55C691E4B6C6400BDB9E3 /* CoreDateStackManager.swift */ = {isa = PBXFileReference; fileEncoding = 4; lastKnownFileType = sourcecode.swift; path = CoreDateStackManager.swift; sourceTree = "<group>"; };
		27A55C6C1E4B6D5300BDB9E3 /* DataModel.xcdatamodel */ = {isa = PBXFileReference; lastKnownFileType = wrapper.xcdatamodel; path = DataModel.xcdatamodel; sourceTree = "<group>"; };
		27FB3D841E4B4CBB00FC849A /* TextFieldDateView.swift */ = {isa = PBXFileReference; fileEncoding = 4; lastKnownFileType = sourcecode.swift; path = TextFieldDateView.swift; sourceTree = "<group>"; };
/* End PBXFileReference section */

/* Begin PBXFrameworksBuildPhase section */
		2787A7791E490FC600D20006 /* Frameworks */ = {
			isa = PBXFrameworksBuildPhase;
			buildActionMask = 2147483647;
			files = (
			);
			runOnlyForDeploymentPostprocessing = 0;
		};
/* End PBXFrameworksBuildPhase section */

/* Begin PBXGroup section */
		2737B8B41E4A207800B4B817 /* ViewController */ = {
			isa = PBXGroup;
			children = (
				2787A7811E490FC600D20006 /* MainViewController.swift */,
				2737B8B21E49F7E700B4B817 /* TextFieldView.xib */,
				2787A7911E49C94900D20006 /* TextFieldView.swift */,
				27FB3D841E4B4CBB00FC849A /* TextFieldDateView.swift */,
				2737B8B71E4A20D900B4B817 /* TextField.swift */,
				2737B8B91E4A7D0100B4B817 /* CheckboxView.xib */,
				2737B8BB1E4A7DC700B4B817 /* CheckboxView.swift */,
			);
			name = ViewController;
			sourceTree = "<group>";
		};
		2737B8B61E4A208D00B4B817 /* Model */ = {
			isa = PBXGroup;
			children = (
				27A55C691E4B6C6400BDB9E3 /* CoreDateStackManager.swift */,
				27A55C6B1E4B6D5300BDB9E3 /* DataModel.xcdatamodeld */,
				277DDDE91E4BAC3800D61364 /* Form.swift */,
			);
			name = Model;
			sourceTree = "<group>";
		};
		2787A7731E490FC500D20006 = {
			isa = PBXGroup;
			children = (
				2787A77E1E490FC600D20006 /* SimpleForm */,
				2787A77D1E490FC600D20006 /* Products */,
			);
			sourceTree = "<group>";
		};
		2787A77D1E490FC600D20006 /* Products */ = {
			isa = PBXGroup;
			children = (
				2787A77C1E490FC600D20006 /* SimpleForm.app */,
			);
			name = Products;
			sourceTree = "<group>";
		};
		2787A77E1E490FC600D20006 /* SimpleForm */ = {
			isa = PBXGroup;
			children = (
				2737B8B61E4A208D00B4B817 /* Model */,
				2737B8B41E4A207800B4B817 /* ViewController */,
				2787A77F1E490FC600D20006 /* AppDelegate.swift */,
				2787A7831E490FC600D20006 /* Main.storyboard */,
				2787A7861E490FC600D20006 /* Assets.xcassets */,
				2787A7881E490FC600D20006 /* LaunchScreen.storyboard */,
				2787A78B1E490FC600D20006 /* Info.plist */,
			);
			path = SimpleForm;
			sourceTree = "<group>";
		};
/* End PBXGroup section */

/* Begin PBXNativeTarget section */
		2787A77B1E490FC600D20006 /* SimpleForm */ = {
			isa = PBXNativeTarget;
			buildConfigurationList = 2787A78E1E490FC600D20006 /* Build configuration list for PBXNativeTarget "SimpleForm" */;
			buildPhases = (
				2787A7781E490FC600D20006 /* Sources */,
				2787A7791E490FC600D20006 /* Frameworks */,
				2787A77A1E490FC600D20006 /* Resources */,
			);
			buildRules = (
			);
			dependencies = (
			);
			name = SimpleForm;
			productName = SimpleForm;
			productReference = 2787A77C1E490FC600D20006 /* SimpleForm.app */;
			productType = "com.apple.product-type.application";
		};
/* End PBXNativeTarget section */

/* Begin PBXProject section */
		2787A7741E490FC500D20006 /* Project object */ = {
			isa = PBXProject;
			attributes = {
				LastSwiftUpdateCheck = 0820;
				LastUpgradeCheck = 0820;
				ORGANIZATIONNAME = "Mike Tubis";
				TargetAttributes = {
					2787A77B1E490FC600D20006 = {
						CreatedOnToolsVersion = 8.2.1;
						ProvisioningStyle = Manual;
					};
				};
			};
			buildConfigurationList = 2787A7771E490FC500D20006 /* Build configuration list for PBXProject "SimpleForm" */;
			compatibilityVersion = "Xcode 3.2";
			developmentRegion = English;
			hasScannedForEncodings = 0;
			knownRegions = (
				en,
				Base,
			);
			mainGroup = 2787A7731E490FC500D20006;
			productRefGroup = 2787A77D1E490FC600D20006 /* Products */;
			projectDirPath = "";
			projectRoot = "";
			targets = (
				2787A77B1E490FC600D20006 /* SimpleForm */,
			);
		};
/* End PBXProject section */

/* Begin PBXResourcesBuildPhase section */
		2787A77A1E490FC600D20006 /* Resources */ = {
			isa = PBXResourcesBuildPhase;
			buildActionMask = 2147483647;
			files = (
				2787A78A1E490FC600D20006 /* LaunchScreen.storyboard in Resources */,
				2787A7871E490FC600D20006 /* Assets.xcassets in Resources */,
				2737B8B31E49F7E700B4B817 /* TextFieldView.xib in Resources */,
				2787A7851E490FC600D20006 /* Main.storyboard in Resources */,
				2737B8BA1E4A7D0100B4B817 /* CheckboxView.xib in Resources */,
			);
			runOnlyForDeploymentPostprocessing = 0;
		};
/* End PBXResourcesBuildPhase section */

/* Begin PBXSourcesBuildPhase section */
		2787A7781E490FC600D20006 /* Sources */ = {
			isa = PBXSourcesBuildPhase;
			buildActionMask = 2147483647;
			files = (
				27FB3D851E4B4CBB00FC849A /* TextFieldDateView.swift in Sources */,
				27A55C6D1E4B6D5300BDB9E3 /* DataModel.xcdatamodeld in Sources */,
				2787A7821E490FC600D20006 /* MainViewController.swift in Sources */,
				2787A7801E490FC600D20006 /* AppDelegate.swift in Sources */,
				27A55C6A1E4B6C6400BDB9E3 /* CoreDateStackManager.swift in Sources */,
				277DDDEA1E4BAC3800D61364 /* Form.swift in Sources */,
				2787A7921E49C94900D20006 /* TextFieldView.swift in Sources */,
				2737B8BC1E4A7DC700B4B817 /* CheckboxView.swift in Sources */,
				2737B8B81E4A20D900B4B817 /* TextField.swift in Sources */,
			);
			runOnlyForDeploymentPostprocessing = 0;
		};
/* End PBXSourcesBuildPhase section */

/* Begin PBXVariantGroup section */
		2787A7831E490FC600D20006 /* Main.storyboard */ = {
			isa = PBXVariantGroup;
			children = (
				2787A7841E490FC600D20006 /* Base */,
			);
			name = Main.storyboard;
			sourceTree = "<group>";
		};
		2787A7881E490FC600D20006 /* LaunchScreen.storyboard */ = {
			isa = PBXVariantGroup;
			children = (
				2787A7891E490FC600D20006 /* Base */,
			);
			name = LaunchScreen.storyboard;
			sourceTree = "<group>";
		};
/* End PBXVariantGroup section */

/* Begin XCBuildConfiguration section */
		2787A78C1E490FC600D20006 /* Debug */ = {
			isa = XCBuildConfiguration;
			buildSettings = {
				ALWAYS_SEARCH_USER_PATHS = NO;
				CLANG_ANALYZER_NONNULL = YES;
				CLANG_CXX_LANGUAGE_STANDARD = "gnu++0x";
				CLANG_CXX_LIBRARY = "libc++";
				CLANG_ENABLE_MODULES = YES;
				CLANG_ENABLE_OBJC_ARC = YES;
				CLANG_WARN_BOOL_CONVERSION = YES;
				CLANG_WARN_CONSTANT_CONVERSION = YES;
				CLANG_WARN_DIRECT_OBJC_ISA_USAGE = YES_ERROR;
				CLANG_WARN_DOCUMENTATION_COMMENTS = YES;
				CLANG_WARN_EMPTY_BODY = YES;
				CLANG_WARN_ENUM_CONVERSION = YES;
				CLANG_WARN_INFINITE_RECURSION = YES;
				CLANG_WARN_INT_CONVERSION = YES;
				CLANG_WARN_OBJC_ROOT_CLASS = YES_ERROR;
				CLANG_WARN_SUSPICIOUS_MOVE = YES;
				CLANG_WARN_UNREACHABLE_CODE = YES;
				CLANG_WARN__DUPLICATE_METHOD_MATCH = YES;
				"CODE_SIGN_IDENTITY[sdk=iphoneos*]" = "iPhone Developer";
				COPY_PHASE_STRIP = NO;
				DEBUG_INFORMATION_FORMAT = dwarf;
				ENABLE_STRICT_OBJC_MSGSEND = YES;
				ENABLE_TESTABILITY = YES;
				GCC_C_LANGUAGE_STANDARD = gnu99;
				GCC_DYNAMIC_NO_PIC = NO;
				GCC_NO_COMMON_BLOCKS = YES;
				GCC_OPTIMIZATION_LEVEL = 0;
				GCC_PREPROCESSOR_DEFINITIONS = (
					"DEBUG=1",
					"$(inherited)",
				);
				GCC_WARN_64_TO_32_BIT_CONVERSION = YES;
				GCC_WARN_ABOUT_RETURN_TYPE = YES_ERROR;
				GCC_WARN_UNDECLARED_SELECTOR = YES;
				GCC_WARN_UNINITIALIZED_AUTOS = YES_AGGRESSIVE;
				GCC_WARN_UNUSED_FUNCTION = YES;
				GCC_WARN_UNUSED_VARIABLE = YES;
				IPHONEOS_DEPLOYMENT_TARGET = 9.0;
				MTL_ENABLE_DEBUG_INFO = YES;
				ONLY_ACTIVE_ARCH = YES;
				SDKROOT = iphoneos;
				SWIFT_ACTIVE_COMPILATION_CONDITIONS = DEBUG;
				SWIFT_OPTIMIZATION_LEVEL = "-Onone";
				TARGETED_DEVICE_FAMILY = "1,2";
			};
			name = Debug;
		};
		2787A78D1E490FC600D20006 /* Release */ = {
			isa = XCBuildConfiguration;
			buildSettings = {
				ALWAYS_SEARCH_USER_PATHS = NO;
				CLANG_ANALYZER_NONNULL = YES;
				CLANG_CXX_LANGUAGE_STANDARD = "gnu++0x";
				CLANG_CXX_LIBRARY = "libc++";
				CLANG_ENABLE_MODULES = YES;
				CLANG_ENABLE_OBJC_ARC = YES;
				CLANG_WARN_BOOL_CONVERSION = YES;
				CLANG_WARN_CONSTANT_CONVERSION = YES;
				CLANG_WARN_DIRECT_OBJC_ISA_USAGE = YES_ERROR;
				CLANG_WARN_DOCUMENTATION_COMMENTS = YES;
				CLANG_WARN_EMPTY_BODY = YES;
				CLANG_WARN_ENUM_CONVERSION = YES;
				CLANG_WARN_INFINITE_RECURSION = YES;
				CLANG_WARN_INT_CONVERSION = YES;
				CLANG_WARN_OBJC_ROOT_CLASS = YES_ERROR;
				CLANG_WARN_SUSPICIOUS_MOVE = YES;
				CLANG_WARN_UNREACHABLE_CODE = YES;
				CLANG_WARN__DUPLICATE_METHOD_MATCH = YES;
				"CODE_SIGN_IDENTITY[sdk=iphoneos*]" = "iPhone Developer";
				COPY_PHASE_STRIP = NO;
				DEBUG_INFORMATION_FORMAT = "dwarf-with-dsym";
				ENABLE_NS_ASSERTIONS = NO;
				ENABLE_STRICT_OBJC_MSGSEND = YES;
				GCC_C_LANGUAGE_STANDARD = gnu99;
				GCC_NO_COMMON_BLOCKS = YES;
				GCC_WARN_64_TO_32_BIT_CONVERSION = YES;
				GCC_WARN_ABOUT_RETURN_TYPE = YES_ERROR;
				GCC_WARN_UNDECLARED_SELECTOR = YES;
				GCC_WARN_UNINITIALIZED_AUTOS = YES_AGGRESSIVE;
				GCC_WARN_UNUSED_FUNCTION = YES;
				GCC_WARN_UNUSED_VARIABLE = YES;
				IPHONEOS_DEPLOYMENT_TARGET = 9.0;
				MTL_ENABLE_DEBUG_INFO = NO;
				SDKROOT = iphoneos;
				SWIFT_OPTIMIZATION_LEVEL = "-Owholemodule";
				TARGETED_DEVICE_FAMILY = "1,2";
				VALIDATE_PRODUCT = YES;
			};
			name = Release;
		};
		2787A78F1E490FC600D20006 /* Debug */ = {
			isa = XCBuildConfiguration;
			buildSettings = {
				ASSETCATALOG_COMPILER_APPICON_NAME = AppIcon;
				DEVELOPMENT_TEAM = "";
				INFOPLIST_FILE = SimpleForm/Info.plist;
				LD_RUNPATH_SEARCH_PATHS = "$(inherited) @executable_path/Frameworks";
				PRODUCT_BUNDLE_IDENTIFIER = pl.tubis.simpleform;
				PRODUCT_NAME = "$(TARGET_NAME)";
				SWIFT_VERSION = 3.0;
			};
			name = Debug;
		};
		2787A7901E490FC600D20006 /* Release */ = {
			isa = XCBuildConfiguration;
			buildSettings = {
				ASSETCATALOG_COMPILER_APPICON_NAME = AppIcon;
				DEVELOPMENT_TEAM = "";
				INFOPLIST_FILE = SimpleForm/Info.plist;
				LD_RUNPATH_SEARCH_PATHS = "$(inherited) @executable_path/Frameworks";
				PRODUCT_BUNDLE_IDENTIFIER = pl.tubis.simpleform;
				PRODUCT_NAME = "$(TARGET_NAME)";
				SWIFT_VERSION = 3.0;
			};
			name = Release;
		};
/* End XCBuildConfiguration section */

/* Begin XCConfigurationList section */
		2787A7771E490FC500D20006 /* Build configuration list for PBXProject "SimpleForm" */ = {
			isa = XCConfigurationList;
			buildConfigurations = (
				2787A78C1E490FC600D20006 /* Debug */,
				2787A78D1E490FC600D20006 /* Release */,
			);
			defaultConfigurationIsVisible = 0;
			defaultConfigurationName = Release;
		};
		2787A78E1E490FC600D20006 /* Build configuration list for PBXNativeTarget "SimpleForm" */ = {
			isa = XCConfigurationList;
			buildConfigurations = (
				2787A78F1E490FC600D20006 /* Debug */,
				2787A7901E490FC600D20006 /* Release */,
			);
			defaultConfigurationIsVisible = 0;
			defaultConfigurationName = Release;
		};
/* End XCConfigurationList section */

/* Begin XCVersionGroup section */
		27A55C6B1E4B6D5300BDB9E3 /* DataModel.xcdatamodeld */ = {
			isa = XCVersionGroup;
			children = (
				27A55C6C1E4B6D5300BDB9E3 /* DataModel.xcdatamodel */,
			);
			currentVersion = 27A55C6C1E4B6D5300BDB9E3 /* DataModel.xcdatamodel */;
			path = DataModel.xcdatamodeld;
			sourceTree = "<group>";
			versionGroupType = wrapper.xcdatamodel;
		};
/* End XCVersionGroup section */
	};
	rootObject = 2787A7741E490FC500D20006 /* Project object */;
}
